
Microsoft Visual Studio Solution File, Format Version 12.00
# Visual Studio Version 17
VisualStudioVersion = 17.5.33516.290
MinimumVisualStudioVersion = 10.0.40219.1
Project("{9A19103F-16F7-4668-BE54-9A1E7A4F7556}") = "ClientApp", "Frontend\ClientApp\ClientApp.csproj", "{C772928F-B43F-45A4-8EFA-4D1CD5945559}"
EndProject
Project("{9A19103F-16F7-4668-BE54-9A1E7A4F7556}") = "MinimalApi", "Backend\MinimalApi\MinimalApi.csproj", "{16D842AC-6B5E-4641-8DBF-62523B20C220}"
EndProject
Project("{2150E333-8FDC-42A3-9474-1A3956D46DE8}") = "Solution Items", "Solution Items", "{D8F48C94-8F1C-4F2A-A01C-A546B13A2ED6}"
	ProjectSection(SolutionItems) = preProject
		..\.gitignore = ..\.gitignore
		Directory.Build.props = Directory.Build.props
		Directory.Packages.props = Directory.Packages.props
	EndProjectSection
EndProject
Project("{9A19103F-16F7-4668-BE54-9A1E7A4F7556}") = "Shared", "Shared\Shared\Shared.csproj", "{B54798B7-C176-4373-86D4-9D7376AD2E17}"
EndProject
Project("{9A19103F-16F7-4668-BE54-9A1E7A4F7556}") = "ClientApp.Tests", "Tests\ClientApp.Tests\ClientApp.Tests.csproj", "{E74A1913-C9C9-4B58-8E0D-D42F8176D7A7}"
EndProject
Project("{2150E333-8FDC-42A3-9474-1A3956D46DE8}") = "Frontend", "Frontend", "{04F38742-473D-4DB4-A167-65F29FF8393B}"
EndProject
Project("{2150E333-8FDC-42A3-9474-1A3956D46DE8}") = "Backend", "Backend", "{DD32AB26-537E-4214-A5E5-76B1ADB9531C}"
EndProject
Project("{2150E333-8FDC-42A3-9474-1A3956D46DE8}") = "Tests", "Tests", "{4A842A53-D58F-404E-98ED-56D006F8DC89}"
EndProject
Project("{2150E333-8FDC-42A3-9474-1A3956D46DE8}") = "Common", "Common", "{E893417F-0AE6-4586-B6AE-C30CD0E76BBE}"
EndProject
Project("{2150E333-8FDC-42A3-9474-1A3956D46DE8}") = "Teams", "Teams", "{0CFB7725-7EB4-477A-965D-1B2CC63E8290}"
EndProject
Project("{9A19103F-16F7-4668-BE54-9A1E7A4F7556}") = "DocAssistant.OpenApi.Teams", "Teams\DocAssistant.OpenApi.Teams.csproj", "{C9F404D7-A854-4FF9-9E0F-2430350CE7E4}"
EndProject
Project("{9A19103F-16F7-4668-BE54-9A1E7A4F7556}") = "MinimalApi.Tests", "Tests\MinimalApi.Tests\MinimalApi.Tests.csproj", "{E9EC292A-E452-4B96-BEFD-7B51DD261D08}"
EndProject
Global
	GlobalSection(SolutionConfigurationPlatforms) = preSolution
		Debug|Any CPU = Debug|Any CPU
		Release|Any CPU = Release|Any CPU
	EndGlobalSection
	GlobalSection(ProjectConfigurationPlatforms) = postSolution
		{C772928F-B43F-45A4-8EFA-4D1CD5945559}.Debug|Any CPU.ActiveCfg = Debug|Any CPU
		{C772928F-B43F-45A4-8EFA-4D1CD5945559}.Debug|Any CPU.Build.0 = Debug|Any CPU
		{C772928F-B43F-45A4-8EFA-4D1CD5945559}.Release|Any CPU.ActiveCfg = Release|Any CPU
		{C772928F-B43F-45A4-8EFA-4D1CD5945559}.Release|Any CPU.Build.0 = Release|Any CPU
		{16D842AC-6B5E-4641-8DBF-62523B20C220}.Debug|Any CPU.ActiveCfg = Debug|Any CPU
		{16D842AC-6B5E-4641-8DBF-62523B20C220}.Debug|Any CPU.Build.0 = Debug|Any CPU
		{16D842AC-6B5E-4641-8DBF-62523B20C220}.Release|Any CPU.ActiveCfg = Release|Any CPU
		{16D842AC-6B5E-4641-8DBF-62523B20C220}.Release|Any CPU.Build.0 = Release|Any CPU
		{B54798B7-C176-4373-86D4-9D7376AD2E17}.Debug|Any CPU.ActiveCfg = Debug|Any CPU
		{B54798B7-C176-4373-86D4-9D7376AD2E17}.Debug|Any CPU.Build.0 = Debug|Any CPU
		{B54798B7-C176-4373-86D4-9D7376AD2E17}.Release|Any CPU.ActiveCfg = Release|Any CPU
		{B54798B7-C176-4373-86D4-9D7376AD2E17}.Release|Any CPU.Build.0 = Release|Any CPU
		{E74A1913-C9C9-4B58-8E0D-D42F8176D7A7}.Debug|Any CPU.ActiveCfg = Debug|Any CPU
		{E74A1913-C9C9-4B58-8E0D-D42F8176D7A7}.Debug|Any CPU.Build.0 = Debug|Any CPU
		{E74A1913-C9C9-4B58-8E0D-D42F8176D7A7}.Release|Any CPU.ActiveCfg = Release|Any CPU
		{E74A1913-C9C9-4B58-8E0D-D42F8176D7A7}.Release|Any CPU.Build.0 = Release|Any CPU
		{C9F404D7-A854-4FF9-9E0F-2430350CE7E4}.Debug|Any CPU.ActiveCfg = Debug|Any CPU
		{C9F404D7-A854-4FF9-9E0F-2430350CE7E4}.Debug|Any CPU.Build.0 = Debug|Any CPU
		{C9F404D7-A854-4FF9-9E0F-2430350CE7E4}.Release|Any CPU.ActiveCfg = Release|Any CPU
		{C9F404D7-A854-4FF9-9E0F-2430350CE7E4}.Release|Any CPU.Build.0 = Release|Any CPU
		{E9EC292A-E452-4B96-BEFD-7B51DD261D08}.Debug|Any CPU.ActiveCfg = Debug|Any CPU
		{E9EC292A-E452-4B96-BEFD-7B51DD261D08}.Debug|Any CPU.Build.0 = Debug|Any CPU
		{E9EC292A-E452-4B96-BEFD-7B51DD261D08}.Release|Any CPU.ActiveCfg = Release|Any CPU
		{E9EC292A-E452-4B96-BEFD-7B51DD261D08}.Release|Any CPU.Build.0 = Release|Any CPU
	EndGlobalSection
	GlobalSection(SolutionProperties) = preSolution
		HideSolutionNode = FALSE
	EndGlobalSection
	GlobalSection(NestedProjects) = preSolution
		{C772928F-B43F-45A4-8EFA-4D1CD5945559} = {04F38742-473D-4DB4-A167-65F29FF8393B}
		{16D842AC-6B5E-4641-8DBF-62523B20C220} = {DD32AB26-537E-4214-A5E5-76B1ADB9531C}
		{B54798B7-C176-4373-86D4-9D7376AD2E17} = {E893417F-0AE6-4586-B6AE-C30CD0E76BBE}
		{E74A1913-C9C9-4B58-8E0D-D42F8176D7A7} = {4A842A53-D58F-404E-98ED-56D006F8DC89}
		{C9F404D7-A854-4FF9-9E0F-2430350CE7E4} = {0CFB7725-7EB4-477A-965D-1B2CC63E8290}
		{E9EC292A-E452-4B96-BEFD-7B51DD261D08} = {4A842A53-D58F-404E-98ED-56D006F8DC89}
	EndGlobalSection
	GlobalSection(ExtensibilityGlobals) = postSolution
		SolutionGuid = {BA4105F8-C5B7-48AF-BC29-32EF86986CDD}
	EndGlobalSection
EndGlobal
